{
  "name": "genesys-royale",
  "requires": true,
  "lockfileVersion": 1,
  "dependencies": {
    "arch": {
      "version": "2.1.1",
      "resolved": "https://purecloud.artifactoryonline.com/purecloud/api/npm/inin-internal-npm/arch/-/arch-2.1.1.tgz",
      "integrity": "sha1-j1wnMao1owkpIhuwZA7tZRdeyE4=",
      "dev": true
    },
    "clipboardy": {
      "version": "2.1.0",
      "resolved": "https://purecloud.artifactoryonline.com/purecloud/api/npm/inin-internal-npm/clipboardy/-/clipboardy-2.1.0.tgz",
      "integrity": "sha1-ASOgyPrJLyVtxWM14LuL6XpJCaU=",
      "dev": true,
      "requires": {
        "arch": "^2.1.1",
        "execa": "^1.0.0"
      }
    },
    "cross-spawn": {
      "version": "6.0.5",
      "resolved": "https://purecloud.artifactoryonline.com/purecloud/api/npm/inin-internal-npm/cross-spawn/-/cross-spawn-6.0.5.tgz",
      "integrity": "sha1-Sl7Hxk364iw6FBJNus3uhG2Ay8Q=",
      "dev": true,
      "requires": {
        "nice-try": "^1.0.4",
        "path-key": "^2.0.1",
        "semver": "^5.5.0",
        "shebang-command": "^1.2.0",
        "which": "^1.2.9"
      }
    },
    "end-of-stream": {
      "version": "1.4.4",
      "resolved": "https://purecloud.artifactoryonline.com/purecloud/api/npm/inin-internal-npm/end-of-stream/-/end-of-stream-1.4.4.tgz",
      "integrity": "sha1-WuZKX0UFe682JuwU2gyl5LJDHrA=",
      "dev": true,
      "requires": {
        "once": "^1.4.0"
      }
    },
    "execa": {
      "version": "1.0.0",
      "resolved": "https://purecloud.artifactoryonline.com/purecloud/api/npm/inin-internal-npm/execa/-/execa-1.0.0.tgz",
      "integrity": "sha1-xiNqW7TfbW8V6I5/AXeYIWdJ3dg=",
      "dev": true,
      "requires": {
        "cross-spawn": "^6.0.0",
        "get-stream": "^4.0.0",
        "is-stream": "^1.1.0",
        "npm-run-path": "^2.0.0",
        "p-finally": "^1.0.0",
        "signal-exit": "^3.0.0",
        "strip-eof": "^1.0.0"
      }
    },
    "get-stream": {
      "version": "4.1.0",
      "resolved": "https://purecloud.artifactoryonline.com/purecloud/api/npm/inin-internal-npm/get-stream/-/get-stream-4.1.0.tgz",
      "integrity": "sha1-wbJVV189wh1Zv8ec09K0axw6VLU=",
      "dev": true,
      "requires": {
        "pump": "^3.0.0"
      }
    },
    "is-stream": {
      "version": "1.1.0",
      "resolved": "https://purecloud.artifactoryonline.com/purecloud/api/npm/inin-internal-npm/is-stream/-/is-stream-1.1.0.tgz",
      "integrity": "sha1-EtSj3U5o4Lec6428hBc66A2RykQ=",
      "dev": true
    },
    "isexe": {
      "version": "2.0.0",
      "resolved": "https://purecloud.artifactoryonline.com/purecloud/api/npm/inin-internal-npm/isexe/-/isexe-2.0.0.tgz",
      "integrity": "sha1-6PvzdNxVb/iUehDcsFctYz8s+hA=",
      "dev": true
    },
    "nice-try": {
      "version": "1.0.5",
      "resolved": "https://purecloud.artifactoryonline.com/purecloud/api/npm/inin-internal-npm/nice-try/-/nice-try-1.0.5.tgz",
      "integrity": "sha1-ozeKdpbOfSI+iPybdkvX7xCJ42Y=",
      "dev": true
    },
    "npm-run-path": {
      "version": "2.0.2",
      "resolved": "https://purecloud.artifactoryonline.com/purecloud/api/npm/inin-internal-npm/npm-run-path/-/npm-run-path-2.0.2.tgz",
      "integrity": "sha1-NakjLfo11wZ7TLLd8jV7GHFTbF8=",
      "dev": true,
      "requires": {
        "path-key": "^2.0.0"
      }
    },
    "once": {
      "version": "1.4.0",
      "resolved": "https://purecloud.artifactoryonline.com/purecloud/api/npm/inin-internal-npm/once/-/once-1.4.0.tgz",
      "integrity": "sha1-WDsap3WWHUsROsF9nFC6753Xa9E=",
      "dev": true,
      "requires": {
        "wrappy": "1"
      }
    },
    "p-finally": {
      "version": "1.0.0",
      "resolved": "https://purecloud.artifactoryonline.com/purecloud/api/npm/inin-internal-npm/p-finally/-/p-finally-1.0.0.tgz",
      "integrity": "sha1-P7z7FbiZpEEjs0ttzBi3JDNqLK4=",
      "dev": true
    },
    "path-key": {
      "version": "2.0.1",
      "resolved": "https://purecloud.artifactoryonline.com/purecloud/api/npm/inin-internal-npm/path-key/-/path-key-2.0.1.tgz",
      "integrity": "sha1-QRyttXTFoUDTpLGRDUDYDMn0C0A=",
      "dev": true
    },
    "pump": {
      "version": "3.0.0",
      "resolved": "https://purecloud.artifactoryonline.com/purecloud/api/npm/inin-internal-npm/pump/-/pump-3.0.0.tgz",
      "integrity": "sha1-tKIRaBW94vTh6mAjVOjHVWUQemQ=",
      "dev": true,
      "requires": {
        "end-of-stream": "^1.1.0",
        "once": "^1.3.1"
      }
    },
    "semver": {
      "version": "5.7.1",
      "resolved": "https://purecloud.artifactoryonline.com/purecloud/api/npm/inin-internal-npm/semver/-/semver-5.7.1.tgz",
      "integrity": "sha1-qVT5Ma66UI0we78Gnv8MAclhFvc=",
      "dev": true
    },
    "shebang-command": {
      "version": "1.2.0",
      "resolved": "https://purecloud.artifactoryonline.com/purecloud/api/npm/inin-internal-npm/shebang-command/-/shebang-command-1.2.0.tgz",
      "integrity": "sha1-RKrGW2lbAzmJaMOfNj/uXer98eo=",
      "dev": true,
      "requires": {
        "shebang-regex": "^1.0.0"
      }
    },
    "shebang-regex": {
      "version": "1.0.0",
      "resolved": "https://purecloud.artifactoryonline.com/purecloud/api/npm/inin-internal-npm/shebang-regex/-/shebang-regex-1.0.0.tgz",
      "integrity": "sha1-2kL0l0DAtC2yypcoVxyxkMmO/qM=",
      "dev": true
    },
    "signal-exit": {
      "version": "3.0.2",
      "resolved": "https://purecloud.artifactoryonline.com/purecloud/api/npm/inin-internal-npm/signal-exit/-/signal-exit-3.0.2.tgz",
      "integrity": "sha1-tf3AjxKH6hF4Yo5BXiUTK3NkbG0=",
      "dev": true
    },
    "strip-eof": {
      "version": "1.0.0",
      "resolved": "https://purecloud.artifactoryonline.com/purecloud/api/npm/inin-internal-npm/strip-eof/-/strip-eof-1.0.0.tgz",
      "integrity": "sha1-u0P/VZim6wXYm1n80SnJgzE2Br8=",
      "dev": true
    },
    "which": {
      "version": "1.3.1",
      "resolved": "https://purecloud.artifactoryonline.com/purecloud/api/npm/inin-internal-npm/which/-/which-1.3.1.tgz",
      "integrity": "sha1-pFBD1U9YBTFtqNYvn1CRjT2nCwo=",
      "dev": true,
      "requires": {
        "isexe": "^2.0.0"
      }
    },
    "wrappy": {
      "version": "1.0.2",
      "resolved": "https://purecloud.artifactoryonline.com/purecloud/api/npm/inin-internal-npm/wrappy/-/wrappy-1.0.2.tgz",
      "integrity": "sha1-tSQ9jz7BqjXxNkYFvA0QNuMKtp8=",
      "dev": true
    }
  }
}
